hash: 9847d94998519c55b38de3e5861ca1fe3f7d8acfc392c74b12f7c3ccebc81c32
updated: 2017-11-22T11:50:49.795983155+01:00
imports:
- name: github.com/BurntSushi/toml
  version: b26d9c308763d68093482582cea63d69be07a0f0
- name: github.com/ghodss/yaml
  version: 73d445a93680fa1a78ae23a5839bad48f32ba1ee
- name: github.com/gobwas/glob
  version: bea32b9cd2d6f55753d94a28e959b13f0244797a
  subpackages:
  - compiler
  - match
  - syntax
  - syntax/ast
  - syntax/lexer
  - util/runes
  - util/strings
- name: github.com/golang/protobuf
  version: 4bd1920723d7b7c925de087aa32e2187708897f7
  subpackages:
  - proto
  - ptypes/any
  - ptypes/timestamp
- name: github.com/inconshreveable/mousetrap
  version: 76626ae9c91c4f2a10f34cad8ce83ea42c93bb75
- name: github.com/Masterminds/semver
  version: 517734cc7d6470c0d07130e40fd40bdeb9bcd3fd
- name: github.com/spf13/cobra
  version: f62e98d28ab7ad31d707ba837a966378465c7b57
- name: github.com/spf13/pflag
  version: 9ff6c6923cfffbcd502984b8e0c80539a94968b7
- name: golang.org/x/net
  version: f2499483f923065a842d38eb4c7f1927e6fc6e6d
  subpackages:
  - context
  - http2
  - http2/hpack
  - idna
  - internal/timeseries
  - lex/httplex
  - trace
- name: google.golang.org/grpc
  version: 8050b9cbc271307e5a716a9d782803d09b0d6f2d
  subpackages:
  - codes
  - credentials
  - grpclog
  - internal
  - keepalive
  - metadata
  - naming
  - peer
  - stats
  - tap
  - transport
- name: gopkg.in/yaml.v2
  version: 53feefa2559fb8dfa8d81baad31be332c97d6c77
- name: k8s.io/apimachinery
  version: 1fd2e63a9a370677308a42f24fd40c86438afddf
  subpackages:
  - pkg/version
- name: k8s.io/client-go
  version: d92e8497f71b7b4e0494e5bd204b48d34bd6f254
  subpackages:
  - util/homedir
- name: k8s.io/helm
  version: 8478fb4fc723885b155c924d1c8c410b7a9444e6
  subpackages:
  - pkg/chartutil
  - pkg/helm
  - pkg/helm/environment
  - pkg/helm/helmpath
  - pkg/ignore
  - pkg/proto/hapi/chart
  - pkg/proto/hapi/release
  - pkg/proto/hapi/services
  - pkg/proto/hapi/version
  - pkg/version
testImports: []
